
Microsoft Visual Studio Solution File, Format Version 12.00
# Visual Studio Version 16
VisualStudioVersion = 16.0.29519.87
MinimumVisualStudioVersion = 10.0.40219.1
Project("{2150E333-8FDC-42A3-9474-1A3956D46DE8}") = "Solution Items", "Solution Items", "{0896DE4C-A4DF-4A42-90FD-4A9D5F8023A6}"
	ProjectSection(SolutionItems) = preProject
		.gitattributes = .gitattributes
		.gitignore = .gitignore
		docs\DEVELOPER_README.md = docs\DEVELOPER_README.md
		src\Directory.Build.props = src\Directory.Build.props
		LICENSE.md = LICENSE.md
		README.md = README.md
	EndProjectSection
EndProject
Project("{9A19103F-16F7-4668-BE54-9A1E7A4F7556}") = "HomeCenter.NET", "src\HomeCenter.NET\HomeCenter.NET.csproj", "{140E973F-93DC-483F-AA62-046E9A8536B5}"
EndProject
Project("{9A19103F-16F7-4668-BE54-9A1E7A4F7556}") = "H.SearchDeskBand", "src\SearchDeskBand\SearchDeskBand\H.SearchDeskBand.csproj", "{B1A02ADB-14C2-4451-93C4-1A7E33D3EB2D}"
EndProject
Project("{9A19103F-16F7-4668-BE54-9A1E7A4F7556}") = "CommandsStorage", "src\Utilities\CommandsStorage\CommandsStorage.csproj", "{9C0197EC-B353-4CDD-ADDC-E23876C7B72F}"
EndProject
Project("{9A19103F-16F7-4668-BE54-9A1E7A4F7556}") = "H.SearchDeskBand.TestApp", "src\SearchDeskBand\SearchDeskBand.TestApp\H.SearchDeskBand.TestApp.csproj", "{FF391D32-B326-4661-AB2C-4D209E4DADD9}"
EndProject
Project("{9A19103F-16F7-4668-BE54-9A1E7A4F7556}") = "IPC", "src\Utilities\IPC\IPC.csproj", "{A2CB840C-0158-4227-BD1E-6B03B098D5E6}"
EndProject
Project("{9A19103F-16F7-4668-BE54-9A1E7A4F7556}") = "SpecialFolder", "src\Utilities\SpecialFolder\SpecialFolder.csproj", "{235EB5F6-DFAE-44A8-9F8B-3273FD6A858B}"
EndProject
Project("{9A19103F-16F7-4668-BE54-9A1E7A4F7556}") = "Plugins", "src\Utilities\Plugins\Plugins.csproj", "{72121390-8576-4234-94FD-ECBFF98DABB4}"
EndProject
Project("{9A19103F-16F7-4668-BE54-9A1E7A4F7556}") = "Hook", "src\Utilities\Hook\Hook.csproj", "{440051B2-288D-4B81-AF01-DAB1BD928F52}"
EndProject
Project("{9A19103F-16F7-4668-BE54-9A1E7A4F7556}") = "Startup", "src\Utilities\Startup\Startup.csproj", "{96DD6F93-C347-40F7-8DF5-47C66AF46DE5}"
EndProject
Project("{2150E333-8FDC-42A3-9474-1A3956D46DE8}") = "Utilities", "Utilities", "{E14F4C88-C2A8-437F-A924-C47606A0E5D4}"
EndProject
Project("{2150E333-8FDC-42A3-9474-1A3956D46DE8}") = "DeskBand", "DeskBand", "{59BC58CE-C9A5-4BF0-9CDA-B3F6CCCDE942}"
EndProject
Project("{9A19103F-16F7-4668-BE54-9A1E7A4F7556}") = "AutoUpdater", "src\Utilities\AutoUpdater\AutoUpdater.csproj", "{B28C8B3C-EBA1-41A7-B6C7-0424412416B1}"
EndProject
Project("{9A19103F-16F7-4668-BE54-9A1E7A4F7556}") = "Screenshoter", "src\Utilities\Screenshoter\Screenshoter.csproj", "{C51459AE-0B28-4C6A-847B-11FAE81E0FE5}"
EndProject
Global
	GlobalSection(SolutionConfigurationPlatforms) = preSolution
		Debug|Any CPU = Debug|Any CPU
		Release|Any CPU = Release|Any CPU
	EndGlobalSection
	GlobalSection(ProjectConfigurationPlatforms) = postSolution
		{140E973F-93DC-483F-AA62-046E9A8536B5}.Debug|Any CPU.ActiveCfg = Debug|Any CPU
		{140E973F-93DC-483F-AA62-046E9A8536B5}.Debug|Any CPU.Build.0 = Debug|Any CPU
		{140E973F-93DC-483F-AA62-046E9A8536B5}.Release|Any CPU.ActiveCfg = Release|Any CPU
		{140E973F-93DC-483F-AA62-046E9A8536B5}.Release|Any CPU.Build.0 = Release|Any CPU
		{B1A02ADB-14C2-4451-93C4-1A7E33D3EB2D}.Debug|Any CPU.ActiveCfg = Debug|Any CPU
		{B1A02ADB-14C2-4451-93C4-1A7E33D3EB2D}.Debug|Any CPU.Build.0 = Debug|Any CPU
		{B1A02ADB-14C2-4451-93C4-1A7E33D3EB2D}.Release|Any CPU.ActiveCfg = Release|Any CPU
		{B1A02ADB-14C2-4451-93C4-1A7E33D3EB2D}.Release|Any CPU.Build.0 = Release|Any CPU
		{9C0197EC-B353-4CDD-ADDC-E23876C7B72F}.Debug|Any CPU.ActiveCfg = Debug|Any CPU
		{9C0197EC-B353-4CDD-ADDC-E23876C7B72F}.Debug|Any CPU.Build.0 = Debug|Any CPU
		{9C0197EC-B353-4CDD-ADDC-E23876C7B72F}.Release|Any CPU.ActiveCfg = Release|Any CPU
		{9C0197EC-B353-4CDD-ADDC-E23876C7B72F}.Release|Any CPU.Build.0 = Release|Any CPU
		{FF391D32-B326-4661-AB2C-4D209E4DADD9}.Debug|Any CPU.ActiveCfg = Debug|Any CPU
		{FF391D32-B326-4661-AB2C-4D209E4DADD9}.Debug|Any CPU.Build.0 = Debug|Any CPU
		{FF391D32-B326-4661-AB2C-4D209E4DADD9}.Release|Any CPU.ActiveCfg = Release|Any CPU
		{FF391D32-B326-4661-AB2C-4D209E4DADD9}.Release|Any CPU.Build.0 = Release|Any CPU
		{A2CB840C-0158-4227-BD1E-6B03B098D5E6}.Debug|Any CPU.ActiveCfg = Debug|Any CPU
		{A2CB840C-0158-4227-BD1E-6B03B098D5E6}.Debug|Any CPU.Build.0 = Debug|Any CPU
		{A2CB840C-0158-4227-BD1E-6B03B098D5E6}.Release|Any CPU.ActiveCfg = Release|Any CPU
		{A2CB840C-0158-4227-BD1E-6B03B098D5E6}.Release|Any CPU.Build.0 = Release|Any CPU
		{235EB5F6-DFAE-44A8-9F8B-3273FD6A858B}.Debug|Any CPU.ActiveCfg = Debug|Any CPU
		{235EB5F6-DFAE-44A8-9F8B-3273FD6A858B}.Debug|Any CPU.Build.0 = Debug|Any CPU
		{235EB5F6-DFAE-44A8-9F8B-3273FD6A858B}.Release|Any CPU.ActiveCfg = Release|Any CPU
		{235EB5F6-DFAE-44A8-9F8B-3273FD6A858B}.Release|Any CPU.Build.0 = Release|Any CPU
		{72121390-8576-4234-94FD-ECBFF98DABB4}.Debug|Any CPU.ActiveCfg = Debug|Any CPU
		{72121390-8576-4234-94FD-ECBFF98DABB4}.Debug|Any CPU.Build.0 = Debug|Any CPU
		{72121390-8576-4234-94FD-ECBFF98DABB4}.Release|Any CPU.ActiveCfg = Release|Any CPU
		{72121390-8576-4234-94FD-ECBFF98DABB4}.Release|Any CPU.Build.0 = Release|Any CPU
		{440051B2-288D-4B81-AF01-DAB1BD928F52}.Debug|Any CPU.ActiveCfg = Debug|Any CPU
		{440051B2-288D-4B81-AF01-DAB1BD928F52}.Debug|Any CPU.Build.0 = Debug|Any CPU
		{440051B2-288D-4B81-AF01-DAB1BD928F52}.Release|Any CPU.ActiveCfg = Release|Any CPU
		{440051B2-288D-4B81-AF01-DAB1BD928F52}.Release|Any CPU.Build.0 = Release|Any CPU
		{96DD6F93-C347-40F7-8DF5-47C66AF46DE5}.Debug|Any CPU.ActiveCfg = Debug|Any CPU
		{96DD6F93-C347-40F7-8DF5-47C66AF46DE5}.Debug|Any CPU.Build.0 = Debug|Any CPU
		{96DD6F93-C347-40F7-8DF5-47C66AF46DE5}.Release|Any CPU.ActiveCfg = Release|Any CPU
		{96DD6F93-C347-40F7-8DF5-47C66AF46DE5}.Release|Any CPU.Build.0 = Release|Any CPU
		{B28C8B3C-EBA1-41A7-B6C7-0424412416B1}.Debug|Any CPU.ActiveCfg = Debug|Any CPU
		{B28C8B3C-EBA1-41A7-B6C7-0424412416B1}.Debug|Any CPU.Build.0 = Debug|Any CPU
		{B28C8B3C-EBA1-41A7-B6C7-0424412416B1}.Release|Any CPU.ActiveCfg = Release|Any CPU
		{B28C8B3C-EBA1-41A7-B6C7-0424412416B1}.Release|Any CPU.Build.0 = Release|Any CPU
		{C51459AE-0B28-4C6A-847B-11FAE81E0FE5}.Debug|Any CPU.ActiveCfg = Debug|Any CPU
		{C51459AE-0B28-4C6A-847B-11FAE81E0FE5}.Debug|Any CPU.Build.0 = Debug|Any CPU
		{C51459AE-0B28-4C6A-847B-11FAE81E0FE5}.Release|Any CPU.ActiveCfg = Release|Any CPU
		{C51459AE-0B28-4C6A-847B-11FAE81E0FE5}.Release|Any CPU.Build.0 = Release|Any CPU
	EndGlobalSection
	GlobalSection(SolutionProperties) = preSolution
		HideSolutionNode = FALSE
	EndGlobalSection
	GlobalSection(NestedProjects) = preSolution
		{B1A02ADB-14C2-4451-93C4-1A7E33D3EB2D} = {59BC58CE-C9A5-4BF0-9CDA-B3F6CCCDE942}
		{9C0197EC-B353-4CDD-ADDC-E23876C7B72F} = {E14F4C88-C2A8-437F-A924-C47606A0E5D4}
		{FF391D32-B326-4661-AB2C-4D209E4DADD9} = {59BC58CE-C9A5-4BF0-9CDA-B3F6CCCDE942}
		{A2CB840C-0158-4227-BD1E-6B03B098D5E6} = {E14F4C88-C2A8-437F-A924-C47606A0E5D4}
		{235EB5F6-DFAE-44A8-9F8B-3273FD6A858B} = {E14F4C88-C2A8-437F-A924-C47606A0E5D4}
		{72121390-8576-4234-94FD-ECBFF98DABB4} = {E14F4C88-C2A8-437F-A924-C47606A0E5D4}
		{440051B2-288D-4B81-AF01-DAB1BD928F52} = {E14F4C88-C2A8-437F-A924-C47606A0E5D4}
		{96DD6F93-C347-40F7-8DF5-47C66AF46DE5} = {E14F4C88-C2A8-437F-A924-C47606A0E5D4}
		{B28C8B3C-EBA1-41A7-B6C7-0424412416B1} = {E14F4C88-C2A8-437F-A924-C47606A0E5D4}
		{C51459AE-0B28-4C6A-847B-11FAE81E0FE5} = {E14F4C88-C2A8-437F-A924-C47606A0E5D4}
	EndGlobalSection
	GlobalSection(ExtensibilityGlobals) = postSolution
		SolutionGuid = {03EBDA7B-EC52-413D-B5C5-1CDB93A17ADB}
	EndGlobalSection
EndGlobal
