
Microsoft Visual Studio Solution File, Format Version 12.00
# Visual Studio Version 16
VisualStudioVersion = 16.0.29519.87
MinimumVisualStudioVersion = 10.0.40219.1
Project("{2150E333-8FDC-42A3-9474-1A3956D46DE8}") = "Solution Items", "Solution Items", "{0896DE4C-A4DF-4A42-90FD-4A9D5F8023A6}"
	ProjectSection(SolutionItems) = preProject
		.gitattributes = .gitattributes
		.gitignore = .gitignore
		docs\DEVELOPER_README.md = docs\DEVELOPER_README.md
		src\Directory.Build.props = src\Directory.Build.props
		LICENSE.md = LICENSE.md
		README.md = README.md
	EndProjectSection
EndProject
Project("{9A19103F-16F7-4668-BE54-9A1E7A4F7556}") = "HomeCenter.NET", "src\HomeCenter.NET\HomeCenter.NET.csproj", "{140E973F-93DC-483F-AA62-046E9A8536B5}"
	ProjectSection(ProjectDependencies) = postProject
		{88551E04-84E4-4902-9FC8-7FA1934C38EC} = {88551E04-84E4-4902-9FC8-7FA1934C38EC}
		{69A68B09-45E9-4BA0-8038-6EDF0FFE0959} = {69A68B09-45E9-4BA0-8038-6EDF0FFE0959}
		{4BB4FB25-6009-4A43-8B97-9850B70D1AE7} = {4BB4FB25-6009-4A43-8B97-9850B70D1AE7}
		{3B631441-A561-4CD5-A61E-6FD02694A00F} = {3B631441-A561-4CD5-A61E-6FD02694A00F}
		{FAD16B4C-5CED-4799-A4BC-4DC3221314DA} = {FAD16B4C-5CED-4799-A4BC-4DC3221314DA}
		{A0282C7F-C5BF-4F86-95BB-C643C68E7D91} = {A0282C7F-C5BF-4F86-95BB-C643C68E7D91}
		{B6E41280-0925-4967-BA80-9ECC769E09B6} = {B6E41280-0925-4967-BA80-9ECC769E09B6}
		{42C14380-3FFA-4AED-A674-FEDDB8EE0FE6} = {42C14380-3FFA-4AED-A674-FEDDB8EE0FE6}
		{BAF0CA91-5602-4EA6-9293-164C1E5DA704} = {BAF0CA91-5602-4EA6-9293-164C1E5DA704}
		{F4C6E293-72FE-4243-8B79-66824387A09A} = {F4C6E293-72FE-4243-8B79-66824387A09A}
		{6ABF69B3-3F17-4D93-B69A-092E3CBD1DBF} = {6ABF69B3-3F17-4D93-B69A-092E3CBD1DBF}
		{AB260CD7-41AF-4EB4-B635-9144C1049177} = {AB260CD7-41AF-4EB4-B635-9144C1049177}
	EndProjectSection
EndProject
Project("{9A19103F-16F7-4668-BE54-9A1E7A4F7556}") = "H.SearchDeskBand", "src\SearchDeskBand\SearchDeskBand\H.SearchDeskBand.csproj", "{B1A02ADB-14C2-4451-93C4-1A7E33D3EB2D}"
EndProject
Project("{9A19103F-16F7-4668-BE54-9A1E7A4F7556}") = "CommandsStorage", "src\Utilities\CommandsStorage\CommandsStorage.csproj", "{9C0197EC-B353-4CDD-ADDC-E23876C7B72F}"
EndProject
Project("{9A19103F-16F7-4668-BE54-9A1E7A4F7556}") = "H.SearchDeskBand.TestApp", "src\SearchDeskBand\SearchDeskBand.TestApp\H.SearchDeskBand.TestApp.csproj", "{FF391D32-B326-4661-AB2C-4D209E4DADD9}"
EndProject
Project("{9A19103F-16F7-4668-BE54-9A1E7A4F7556}") = "IPC", "src\Utilities\IPC\IPC.csproj", "{A2CB840C-0158-4227-BD1E-6B03B098D5E6}"
EndProject
Project("{9A19103F-16F7-4668-BE54-9A1E7A4F7556}") = "SpecialFolder", "src\Utilities\SpecialFolder\SpecialFolder.csproj", "{235EB5F6-DFAE-44A8-9F8B-3273FD6A858B}"
EndProject
Project("{9A19103F-16F7-4668-BE54-9A1E7A4F7556}") = "WebSynthesizers", "src\Synthesizers\WebSynthesizers\WebSynthesizers.csproj", "{6ABF69B3-3F17-4D93-B69A-092E3CBD1DBF}"
EndProject
Project("{9A19103F-16F7-4668-BE54-9A1E7A4F7556}") = "H.Runners.TelegramRunner", "src\Runners\TelegramRunner\H.Runners.TelegramRunner.csproj", "{FAD16B4C-5CED-4799-A4BC-4DC3221314DA}"
EndProject
Project("{9A19103F-16F7-4668-BE54-9A1E7A4F7556}") = "Plugins", "src\Utilities\Plugins\Plugins.csproj", "{72121390-8576-4234-94FD-ECBFF98DABB4}"
EndProject
Project("{9A19103F-16F7-4668-BE54-9A1E7A4F7556}") = "TimerNotifier", "src\Notifiers\TimerNotifier\TimerNotifier.csproj", "{42C14380-3FFA-4AED-A674-FEDDB8EE0FE6}"
EndProject
Project("{9A19103F-16F7-4668-BE54-9A1E7A4F7556}") = "ScreenshotNotifier", "src\Notifiers\ScreenshotNotifier\ScreenshotNotifier.csproj", "{69A68B09-45E9-4BA0-8038-6EDF0FFE0959}"
EndProject
Project("{9A19103F-16F7-4668-BE54-9A1E7A4F7556}") = "MaskScreenshotNotifier.Tests", "src\Notifiers\MaskScreenshotNotifier.Tests\MaskScreenshotNotifier.Tests.csproj", "{AB260CD7-41AF-4EB4-B635-9144C1049177}"
EndProject
Project("{9A19103F-16F7-4668-BE54-9A1E7A4F7556}") = "MaskScreenshotNotifier", "src\Notifiers\MaskScreenshotNotifier\MaskScreenshotNotifier.csproj", "{B6E41280-0925-4967-BA80-9ECC769E09B6}"
EndProject
Project("{9A19103F-16F7-4668-BE54-9A1E7A4F7556}") = "H.Runners.TorrentRunner", "src\Runners\TorrentRunner\H.Runners.TorrentRunner.csproj", "{3B631441-A561-4CD5-A61E-6FD02694A00F}"
EndProject
Project("{9A19103F-16F7-4668-BE54-9A1E7A4F7556}") = "Hook", "src\Utilities\Hook\Hook.csproj", "{440051B2-288D-4B81-AF01-DAB1BD928F52}"
EndProject
Project("{9A19103F-16F7-4668-BE54-9A1E7A4F7556}") = "Startup", "src\Utilities\Startup\Startup.csproj", "{96DD6F93-C347-40F7-8DF5-47C66AF46DE5}"
EndProject
Project("{9A19103F-16F7-4668-BE54-9A1E7A4F7556}") = "H.Runners.CSharpRunner", "src\Runners\CSharpRunner\H.Runners.CSharpRunner.csproj", "{BAF0CA91-5602-4EA6-9293-164C1E5DA704}"
EndProject
Project("{9A19103F-16F7-4668-BE54-9A1E7A4F7556}") = "H.Searchers.WebSearchers", "src\Searchers\WebSearchers\H.Searchers.WebSearchers.csproj", "{F4C6E293-72FE-4243-8B79-66824387A09A}"
EndProject
Project("{2150E333-8FDC-42A3-9474-1A3956D46DE8}") = "Runners", "Runners", "{BD5C6E7C-E921-4665-817F-269259C9DC2F}"
EndProject
Project("{2150E333-8FDC-42A3-9474-1A3956D46DE8}") = "Notifiers", "Notifiers", "{56332C65-C5C9-4C92-82C1-1CB8B590BA20}"
EndProject
Project("{2150E333-8FDC-42A3-9474-1A3956D46DE8}") = "Searchers", "Searchers", "{63B6027F-9388-4CA9-B5EA-A69AEAC6837A}"
EndProject
Project("{2150E333-8FDC-42A3-9474-1A3956D46DE8}") = "Synthesizers", "Synthesizers", "{FE398DF2-8118-4148-BE85-B5615DA0A78F}"
EndProject
Project("{2150E333-8FDC-42A3-9474-1A3956D46DE8}") = "Utilities", "Utilities", "{E14F4C88-C2A8-437F-A924-C47606A0E5D4}"
EndProject
Project("{2150E333-8FDC-42A3-9474-1A3956D46DE8}") = "DeskBand", "DeskBand", "{59BC58CE-C9A5-4BF0-9CDA-B3F6CCCDE942}"
EndProject
Project("{9A19103F-16F7-4668-BE54-9A1E7A4F7556}") = "AutoUpdater", "src\Utilities\AutoUpdater\AutoUpdater.csproj", "{B28C8B3C-EBA1-41A7-B6C7-0424412416B1}"
EndProject
Project("{9A19103F-16F7-4668-BE54-9A1E7A4F7556}") = "Screenshoter", "src\Utilities\Screenshoter\Screenshoter.csproj", "{C51459AE-0B28-4C6A-847B-11FAE81E0FE5}"
EndProject
Project("{9A19103F-16F7-4668-BE54-9A1E7A4F7556}") = "TcpPingNotifier", "src\Notifiers\TcpPingNotifier\TcpPingNotifier.csproj", "{4BB4FB25-6009-4A43-8B97-9850B70D1AE7}"
EndProject
Project("{9A19103F-16F7-4668-BE54-9A1E7A4F7556}") = "H.Runners.DLinkRunner", "src\Runners\DLinkRunner\H.Runners.DLinkRunner.csproj", "{A0282C7F-C5BF-4F86-95BB-C643C68E7D91}"
EndProject
Project("{9A19103F-16F7-4668-BE54-9A1E7A4F7556}") = "WindowsSynthesizer", "src\Synthesizers\WindowsSynthesizer\WindowsSynthesizer.csproj", "{88551E04-84E4-4902-9FC8-7FA1934C38EC}"
EndProject
Project("{9A19103F-16F7-4668-BE54-9A1E7A4F7556}") = "H.Notifiers.RssNotifier", "src\Notifiers\H.Notifiers.RssNotifier\H.Notifiers.RssNotifier.csproj", "{16B83384-8918-4403-9685-54FFD7A18A43}"
EndProject
Project("{9A19103F-16F7-4668-BE54-9A1E7A4F7556}") = "H.Notifiers.RssNotifier.IntegrationTests", "src\Notifiers\H.Notifiers.RssNotifier.IntegrationTests\H.Notifiers.RssNotifier.IntegrationTests.csproj", "{7D8F85B9-AC98-4FDB-9492-BA88DA289900}"
EndProject
Global
	GlobalSection(SolutionConfigurationPlatforms) = preSolution
		Debug|Any CPU = Debug|Any CPU
		Release|Any CPU = Release|Any CPU
	EndGlobalSection
	GlobalSection(ProjectConfigurationPlatforms) = postSolution
		{140E973F-93DC-483F-AA62-046E9A8536B5}.Debug|Any CPU.ActiveCfg = Debug|Any CPU
		{140E973F-93DC-483F-AA62-046E9A8536B5}.Debug|Any CPU.Build.0 = Debug|Any CPU
		{140E973F-93DC-483F-AA62-046E9A8536B5}.Release|Any CPU.ActiveCfg = Release|Any CPU
		{140E973F-93DC-483F-AA62-046E9A8536B5}.Release|Any CPU.Build.0 = Release|Any CPU
		{B1A02ADB-14C2-4451-93C4-1A7E33D3EB2D}.Debug|Any CPU.ActiveCfg = Debug|Any CPU
		{B1A02ADB-14C2-4451-93C4-1A7E33D3EB2D}.Debug|Any CPU.Build.0 = Debug|Any CPU
		{B1A02ADB-14C2-4451-93C4-1A7E33D3EB2D}.Release|Any CPU.ActiveCfg = Release|Any CPU
		{B1A02ADB-14C2-4451-93C4-1A7E33D3EB2D}.Release|Any CPU.Build.0 = Release|Any CPU
		{9C0197EC-B353-4CDD-ADDC-E23876C7B72F}.Debug|Any CPU.ActiveCfg = Debug|Any CPU
		{9C0197EC-B353-4CDD-ADDC-E23876C7B72F}.Debug|Any CPU.Build.0 = Debug|Any CPU
		{9C0197EC-B353-4CDD-ADDC-E23876C7B72F}.Release|Any CPU.ActiveCfg = Release|Any CPU
		{9C0197EC-B353-4CDD-ADDC-E23876C7B72F}.Release|Any CPU.Build.0 = Release|Any CPU
		{FF391D32-B326-4661-AB2C-4D209E4DADD9}.Debug|Any CPU.ActiveCfg = Debug|Any CPU
		{FF391D32-B326-4661-AB2C-4D209E4DADD9}.Debug|Any CPU.Build.0 = Debug|Any CPU
		{FF391D32-B326-4661-AB2C-4D209E4DADD9}.Release|Any CPU.ActiveCfg = Release|Any CPU
		{FF391D32-B326-4661-AB2C-4D209E4DADD9}.Release|Any CPU.Build.0 = Release|Any CPU
		{A2CB840C-0158-4227-BD1E-6B03B098D5E6}.Debug|Any CPU.ActiveCfg = Debug|Any CPU
		{A2CB840C-0158-4227-BD1E-6B03B098D5E6}.Debug|Any CPU.Build.0 = Debug|Any CPU
		{A2CB840C-0158-4227-BD1E-6B03B098D5E6}.Release|Any CPU.ActiveCfg = Release|Any CPU
		{A2CB840C-0158-4227-BD1E-6B03B098D5E6}.Release|Any CPU.Build.0 = Release|Any CPU
		{235EB5F6-DFAE-44A8-9F8B-3273FD6A858B}.Debug|Any CPU.ActiveCfg = Debug|Any CPU
		{235EB5F6-DFAE-44A8-9F8B-3273FD6A858B}.Debug|Any CPU.Build.0 = Debug|Any CPU
		{235EB5F6-DFAE-44A8-9F8B-3273FD6A858B}.Release|Any CPU.ActiveCfg = Release|Any CPU
		{235EB5F6-DFAE-44A8-9F8B-3273FD6A858B}.Release|Any CPU.Build.0 = Release|Any CPU
		{6ABF69B3-3F17-4D93-B69A-092E3CBD1DBF}.Debug|Any CPU.ActiveCfg = Debug|Any CPU
		{6ABF69B3-3F17-4D93-B69A-092E3CBD1DBF}.Debug|Any CPU.Build.0 = Debug|Any CPU
		{6ABF69B3-3F17-4D93-B69A-092E3CBD1DBF}.Release|Any CPU.ActiveCfg = Release|Any CPU
		{6ABF69B3-3F17-4D93-B69A-092E3CBD1DBF}.Release|Any CPU.Build.0 = Release|Any CPU
		{FAD16B4C-5CED-4799-A4BC-4DC3221314DA}.Debug|Any CPU.ActiveCfg = Debug|Any CPU
		{FAD16B4C-5CED-4799-A4BC-4DC3221314DA}.Debug|Any CPU.Build.0 = Debug|Any CPU
		{FAD16B4C-5CED-4799-A4BC-4DC3221314DA}.Release|Any CPU.ActiveCfg = Release|Any CPU
		{FAD16B4C-5CED-4799-A4BC-4DC3221314DA}.Release|Any CPU.Build.0 = Release|Any CPU
		{72121390-8576-4234-94FD-ECBFF98DABB4}.Debug|Any CPU.ActiveCfg = Debug|Any CPU
		{72121390-8576-4234-94FD-ECBFF98DABB4}.Debug|Any CPU.Build.0 = Debug|Any CPU
		{72121390-8576-4234-94FD-ECBFF98DABB4}.Release|Any CPU.ActiveCfg = Release|Any CPU
		{72121390-8576-4234-94FD-ECBFF98DABB4}.Release|Any CPU.Build.0 = Release|Any CPU
		{42C14380-3FFA-4AED-A674-FEDDB8EE0FE6}.Debug|Any CPU.ActiveCfg = Debug|Any CPU
		{42C14380-3FFA-4AED-A674-FEDDB8EE0FE6}.Debug|Any CPU.Build.0 = Debug|Any CPU
		{42C14380-3FFA-4AED-A674-FEDDB8EE0FE6}.Release|Any CPU.ActiveCfg = Release|Any CPU
		{42C14380-3FFA-4AED-A674-FEDDB8EE0FE6}.Release|Any CPU.Build.0 = Release|Any CPU
		{69A68B09-45E9-4BA0-8038-6EDF0FFE0959}.Debug|Any CPU.ActiveCfg = Debug|Any CPU
		{69A68B09-45E9-4BA0-8038-6EDF0FFE0959}.Debug|Any CPU.Build.0 = Debug|Any CPU
		{69A68B09-45E9-4BA0-8038-6EDF0FFE0959}.Release|Any CPU.ActiveCfg = Release|Any CPU
		{69A68B09-45E9-4BA0-8038-6EDF0FFE0959}.Release|Any CPU.Build.0 = Release|Any CPU
		{AB260CD7-41AF-4EB4-B635-9144C1049177}.Debug|Any CPU.ActiveCfg = Debug|Any CPU
		{AB260CD7-41AF-4EB4-B635-9144C1049177}.Debug|Any CPU.Build.0 = Debug|Any CPU
		{AB260CD7-41AF-4EB4-B635-9144C1049177}.Release|Any CPU.ActiveCfg = Release|Any CPU
		{AB260CD7-41AF-4EB4-B635-9144C1049177}.Release|Any CPU.Build.0 = Release|Any CPU
		{B6E41280-0925-4967-BA80-9ECC769E09B6}.Debug|Any CPU.ActiveCfg = Debug|Any CPU
		{B6E41280-0925-4967-BA80-9ECC769E09B6}.Debug|Any CPU.Build.0 = Debug|Any CPU
		{B6E41280-0925-4967-BA80-9ECC769E09B6}.Release|Any CPU.ActiveCfg = Release|Any CPU
		{B6E41280-0925-4967-BA80-9ECC769E09B6}.Release|Any CPU.Build.0 = Release|Any CPU
		{3B631441-A561-4CD5-A61E-6FD02694A00F}.Debug|Any CPU.ActiveCfg = Debug|Any CPU
		{3B631441-A561-4CD5-A61E-6FD02694A00F}.Debug|Any CPU.Build.0 = Debug|Any CPU
		{3B631441-A561-4CD5-A61E-6FD02694A00F}.Release|Any CPU.ActiveCfg = Release|Any CPU
		{3B631441-A561-4CD5-A61E-6FD02694A00F}.Release|Any CPU.Build.0 = Release|Any CPU
		{440051B2-288D-4B81-AF01-DAB1BD928F52}.Debug|Any CPU.ActiveCfg = Debug|Any CPU
		{440051B2-288D-4B81-AF01-DAB1BD928F52}.Debug|Any CPU.Build.0 = Debug|Any CPU
		{440051B2-288D-4B81-AF01-DAB1BD928F52}.Release|Any CPU.ActiveCfg = Release|Any CPU
		{440051B2-288D-4B81-AF01-DAB1BD928F52}.Release|Any CPU.Build.0 = Release|Any CPU
		{96DD6F93-C347-40F7-8DF5-47C66AF46DE5}.Debug|Any CPU.ActiveCfg = Debug|Any CPU
		{96DD6F93-C347-40F7-8DF5-47C66AF46DE5}.Debug|Any CPU.Build.0 = Debug|Any CPU
		{96DD6F93-C347-40F7-8DF5-47C66AF46DE5}.Release|Any CPU.ActiveCfg = Release|Any CPU
		{96DD6F93-C347-40F7-8DF5-47C66AF46DE5}.Release|Any CPU.Build.0 = Release|Any CPU
		{BAF0CA91-5602-4EA6-9293-164C1E5DA704}.Debug|Any CPU.ActiveCfg = Debug|Any CPU
		{BAF0CA91-5602-4EA6-9293-164C1E5DA704}.Debug|Any CPU.Build.0 = Debug|Any CPU
		{BAF0CA91-5602-4EA6-9293-164C1E5DA704}.Release|Any CPU.ActiveCfg = Release|Any CPU
		{BAF0CA91-5602-4EA6-9293-164C1E5DA704}.Release|Any CPU.Build.0 = Release|Any CPU
		{F4C6E293-72FE-4243-8B79-66824387A09A}.Debug|Any CPU.ActiveCfg = Debug|Any CPU
		{F4C6E293-72FE-4243-8B79-66824387A09A}.Debug|Any CPU.Build.0 = Debug|Any CPU
		{F4C6E293-72FE-4243-8B79-66824387A09A}.Release|Any CPU.ActiveCfg = Release|Any CPU
		{F4C6E293-72FE-4243-8B79-66824387A09A}.Release|Any CPU.Build.0 = Release|Any CPU
		{B28C8B3C-EBA1-41A7-B6C7-0424412416B1}.Debug|Any CPU.ActiveCfg = Debug|Any CPU
		{B28C8B3C-EBA1-41A7-B6C7-0424412416B1}.Debug|Any CPU.Build.0 = Debug|Any CPU
		{B28C8B3C-EBA1-41A7-B6C7-0424412416B1}.Release|Any CPU.ActiveCfg = Release|Any CPU
		{B28C8B3C-EBA1-41A7-B6C7-0424412416B1}.Release|Any CPU.Build.0 = Release|Any CPU
		{C51459AE-0B28-4C6A-847B-11FAE81E0FE5}.Debug|Any CPU.ActiveCfg = Debug|Any CPU
		{C51459AE-0B28-4C6A-847B-11FAE81E0FE5}.Debug|Any CPU.Build.0 = Debug|Any CPU
		{C51459AE-0B28-4C6A-847B-11FAE81E0FE5}.Release|Any CPU.ActiveCfg = Release|Any CPU
		{C51459AE-0B28-4C6A-847B-11FAE81E0FE5}.Release|Any CPU.Build.0 = Release|Any CPU
		{4BB4FB25-6009-4A43-8B97-9850B70D1AE7}.Debug|Any CPU.ActiveCfg = Debug|Any CPU
		{4BB4FB25-6009-4A43-8B97-9850B70D1AE7}.Debug|Any CPU.Build.0 = Debug|Any CPU
		{4BB4FB25-6009-4A43-8B97-9850B70D1AE7}.Release|Any CPU.ActiveCfg = Release|Any CPU
		{4BB4FB25-6009-4A43-8B97-9850B70D1AE7}.Release|Any CPU.Build.0 = Release|Any CPU
		{A0282C7F-C5BF-4F86-95BB-C643C68E7D91}.Debug|Any CPU.ActiveCfg = Debug|Any CPU
		{A0282C7F-C5BF-4F86-95BB-C643C68E7D91}.Debug|Any CPU.Build.0 = Debug|Any CPU
		{A0282C7F-C5BF-4F86-95BB-C643C68E7D91}.Release|Any CPU.ActiveCfg = Release|Any CPU
		{A0282C7F-C5BF-4F86-95BB-C643C68E7D91}.Release|Any CPU.Build.0 = Release|Any CPU
		{88551E04-84E4-4902-9FC8-7FA1934C38EC}.Debug|Any CPU.ActiveCfg = Debug|Any CPU
		{88551E04-84E4-4902-9FC8-7FA1934C38EC}.Debug|Any CPU.Build.0 = Debug|Any CPU
		{88551E04-84E4-4902-9FC8-7FA1934C38EC}.Release|Any CPU.ActiveCfg = Release|Any CPU
		{88551E04-84E4-4902-9FC8-7FA1934C38EC}.Release|Any CPU.Build.0 = Release|Any CPU
		{16B83384-8918-4403-9685-54FFD7A18A43}.Debug|Any CPU.ActiveCfg = Debug|Any CPU
		{16B83384-8918-4403-9685-54FFD7A18A43}.Debug|Any CPU.Build.0 = Debug|Any CPU
		{16B83384-8918-4403-9685-54FFD7A18A43}.Release|Any CPU.ActiveCfg = Release|Any CPU
		{16B83384-8918-4403-9685-54FFD7A18A43}.Release|Any CPU.Build.0 = Release|Any CPU
		{7D8F85B9-AC98-4FDB-9492-BA88DA289900}.Debug|Any CPU.ActiveCfg = Debug|Any CPU
		{7D8F85B9-AC98-4FDB-9492-BA88DA289900}.Debug|Any CPU.Build.0 = Debug|Any CPU
		{7D8F85B9-AC98-4FDB-9492-BA88DA289900}.Release|Any CPU.ActiveCfg = Release|Any CPU
		{7D8F85B9-AC98-4FDB-9492-BA88DA289900}.Release|Any CPU.Build.0 = Release|Any CPU
	EndGlobalSection
	GlobalSection(SolutionProperties) = preSolution
		HideSolutionNode = FALSE
	EndGlobalSection
	GlobalSection(NestedProjects) = preSolution
		{B1A02ADB-14C2-4451-93C4-1A7E33D3EB2D} = {59BC58CE-C9A5-4BF0-9CDA-B3F6CCCDE942}
		{9C0197EC-B353-4CDD-ADDC-E23876C7B72F} = {E14F4C88-C2A8-437F-A924-C47606A0E5D4}
		{FF391D32-B326-4661-AB2C-4D209E4DADD9} = {59BC58CE-C9A5-4BF0-9CDA-B3F6CCCDE942}
		{A2CB840C-0158-4227-BD1E-6B03B098D5E6} = {E14F4C88-C2A8-437F-A924-C47606A0E5D4}
		{235EB5F6-DFAE-44A8-9F8B-3273FD6A858B} = {E14F4C88-C2A8-437F-A924-C47606A0E5D4}
		{6ABF69B3-3F17-4D93-B69A-092E3CBD1DBF} = {FE398DF2-8118-4148-BE85-B5615DA0A78F}
		{FAD16B4C-5CED-4799-A4BC-4DC3221314DA} = {BD5C6E7C-E921-4665-817F-269259C9DC2F}
		{72121390-8576-4234-94FD-ECBFF98DABB4} = {E14F4C88-C2A8-437F-A924-C47606A0E5D4}
		{42C14380-3FFA-4AED-A674-FEDDB8EE0FE6} = {56332C65-C5C9-4C92-82C1-1CB8B590BA20}
		{69A68B09-45E9-4BA0-8038-6EDF0FFE0959} = {56332C65-C5C9-4C92-82C1-1CB8B590BA20}
		{AB260CD7-41AF-4EB4-B635-9144C1049177} = {56332C65-C5C9-4C92-82C1-1CB8B590BA20}
		{B6E41280-0925-4967-BA80-9ECC769E09B6} = {56332C65-C5C9-4C92-82C1-1CB8B590BA20}
		{3B631441-A561-4CD5-A61E-6FD02694A00F} = {BD5C6E7C-E921-4665-817F-269259C9DC2F}
		{440051B2-288D-4B81-AF01-DAB1BD928F52} = {E14F4C88-C2A8-437F-A924-C47606A0E5D4}
		{96DD6F93-C347-40F7-8DF5-47C66AF46DE5} = {E14F4C88-C2A8-437F-A924-C47606A0E5D4}
		{BAF0CA91-5602-4EA6-9293-164C1E5DA704} = {BD5C6E7C-E921-4665-817F-269259C9DC2F}
		{F4C6E293-72FE-4243-8B79-66824387A09A} = {63B6027F-9388-4CA9-B5EA-A69AEAC6837A}
		{B28C8B3C-EBA1-41A7-B6C7-0424412416B1} = {E14F4C88-C2A8-437F-A924-C47606A0E5D4}
		{C51459AE-0B28-4C6A-847B-11FAE81E0FE5} = {E14F4C88-C2A8-437F-A924-C47606A0E5D4}
		{4BB4FB25-6009-4A43-8B97-9850B70D1AE7} = {56332C65-C5C9-4C92-82C1-1CB8B590BA20}
		{A0282C7F-C5BF-4F86-95BB-C643C68E7D91} = {BD5C6E7C-E921-4665-817F-269259C9DC2F}
		{88551E04-84E4-4902-9FC8-7FA1934C38EC} = {FE398DF2-8118-4148-BE85-B5615DA0A78F}
		{16B83384-8918-4403-9685-54FFD7A18A43} = {56332C65-C5C9-4C92-82C1-1CB8B590BA20}
		{7D8F85B9-AC98-4FDB-9492-BA88DA289900} = {56332C65-C5C9-4C92-82C1-1CB8B590BA20}
	EndGlobalSection
	GlobalSection(ExtensibilityGlobals) = postSolution
		SolutionGuid = {03EBDA7B-EC52-413D-B5C5-1CDB93A17ADB}
	EndGlobalSection
EndGlobal
