
Microsoft Visual Studio Solution File, Format Version 12.00
# Visual Studio 15
VisualStudioVersion = 15.0.27130.2026
MinimumVisualStudioVersion = 10.0.40219.1
Project("{9A19103F-16F7-4668-BE54-9A1E7A4F7556}") = "VoiceActions.NET", "VoiceActions.NET\VoiceActions.NET.csproj", "{E2BDD04C-F9A7-47C1-8875-48ED16CB8DAE}"
EndProject
Project("{2150E333-8FDC-42A3-9474-1A3956D46DE8}") = "Solution Items", "Solution Items", "{0896DE4C-A4DF-4A42-90FD-4A9D5F8023A6}"
	ProjectSection(SolutionItems) = preProject
		.gitattributes = .gitattributes
		.gitignore = .gitignore
		.travis.yml = .travis.yml
		appveyor.yml = appveyor.yml
		LICENSE.md = LICENSE.md
		README.md = README.md
	EndProjectSection
EndProject
Project("{9A19103F-16F7-4668-BE54-9A1E7A4F7556}") = "VoiceActions.NET.Tests", "VoiceActions.NET.Tests\VoiceActions.NET.Tests.csproj", "{8EDF4429-251A-416D-BB68-93F227191BCF}"
EndProject
Project("{FAE04EC0-301F-11D3-BF4B-00C04F79EFBC}") = "VoiceActions.NET.Wpf.Example", "VoiceActions.NET.Wpf.Example\VoiceActions.NET.Wpf.Example.csproj", "{31165983-28FF-4121-9054-7C9CE85DF449}"
EndProject
Project("{FAE04EC0-301F-11D3-BF4B-00C04F79EFBC}") = "HomeCenter.NET", "HomeCenter.NET\HomeCenter.NET.csproj", "{140E973F-93DC-483F-AA62-046E9A8536B5}"
EndProject
Project("{FAE04EC0-301F-11D3-BF4B-00C04F79EFBC}") = "VoiceActions.NET.Recorders.Windows.NAudio", "VoiceActions.NET.Recorders.Windows.NAudio\VoiceActions.NET.Recorders.Windows.NAudio.csproj", "{95808986-9E46-41CD-BBB1-2DF3D91209AB}"
EndProject
Global
	GlobalSection(SolutionConfigurationPlatforms) = preSolution
		Debug|Any CPU = Debug|Any CPU
		Release|Any CPU = Release|Any CPU
	EndGlobalSection
	GlobalSection(ProjectConfigurationPlatforms) = postSolution
		{E2BDD04C-F9A7-47C1-8875-48ED16CB8DAE}.Debug|Any CPU.ActiveCfg = Debug|Any CPU
		{E2BDD04C-F9A7-47C1-8875-48ED16CB8DAE}.Debug|Any CPU.Build.0 = Debug|Any CPU
		{E2BDD04C-F9A7-47C1-8875-48ED16CB8DAE}.Release|Any CPU.ActiveCfg = Release|Any CPU
		{E2BDD04C-F9A7-47C1-8875-48ED16CB8DAE}.Release|Any CPU.Build.0 = Release|Any CPU
		{8EDF4429-251A-416D-BB68-93F227191BCF}.Debug|Any CPU.ActiveCfg = Debug|Any CPU
		{8EDF4429-251A-416D-BB68-93F227191BCF}.Debug|Any CPU.Build.0 = Debug|Any CPU
		{8EDF4429-251A-416D-BB68-93F227191BCF}.Release|Any CPU.ActiveCfg = Release|Any CPU
		{8EDF4429-251A-416D-BB68-93F227191BCF}.Release|Any CPU.Build.0 = Release|Any CPU
		{31165983-28FF-4121-9054-7C9CE85DF449}.Debug|Any CPU.ActiveCfg = Debug|Any CPU
		{31165983-28FF-4121-9054-7C9CE85DF449}.Debug|Any CPU.Build.0 = Debug|Any CPU
		{31165983-28FF-4121-9054-7C9CE85DF449}.Release|Any CPU.ActiveCfg = Release|Any CPU
		{31165983-28FF-4121-9054-7C9CE85DF449}.Release|Any CPU.Build.0 = Release|Any CPU
		{140E973F-93DC-483F-AA62-046E9A8536B5}.Debug|Any CPU.ActiveCfg = Debug|Any CPU
		{140E973F-93DC-483F-AA62-046E9A8536B5}.Debug|Any CPU.Build.0 = Debug|Any CPU
		{140E973F-93DC-483F-AA62-046E9A8536B5}.Release|Any CPU.ActiveCfg = Release|Any CPU
		{140E973F-93DC-483F-AA62-046E9A8536B5}.Release|Any CPU.Build.0 = Release|Any CPU
		{95808986-9E46-41CD-BBB1-2DF3D91209AB}.Debug|Any CPU.ActiveCfg = Debug|Any CPU
		{95808986-9E46-41CD-BBB1-2DF3D91209AB}.Debug|Any CPU.Build.0 = Debug|Any CPU
		{95808986-9E46-41CD-BBB1-2DF3D91209AB}.Release|Any CPU.ActiveCfg = Release|Any CPU
		{95808986-9E46-41CD-BBB1-2DF3D91209AB}.Release|Any CPU.Build.0 = Release|Any CPU
	EndGlobalSection
	GlobalSection(SolutionProperties) = preSolution
		HideSolutionNode = FALSE
	EndGlobalSection
	GlobalSection(ExtensibilityGlobals) = postSolution
		SolutionGuid = {03EBDA7B-EC52-413D-B5C5-1CDB93A17ADB}
	EndGlobalSection
EndGlobal
